
Microsoft Visual Studio Solution File, Format Version 12.00
# Visual Studio Version 16
VisualStudioVersion = 16.0.31613.86
MinimumVisualStudioVersion = 10.0.40219.1
Project("{FAE04EC0-301F-11D3-BF4B-00C04F79EFBC}") = "CalculaJuros", "CalcularJuros\CalculaJuros.csproj", "{015AA29D-B252-4BE5-B2F3-30C788B615CD}"
EndProject
Project("{FAE04EC0-301F-11D3-BF4B-00C04F79EFBC}") = "TaxaJuros", "TaxaJuros\TaxaJuros.csproj", "{F81D9FB7-0313-4FD3-A40F-F29C14E6C16E}"
EndProject
Global
	GlobalSection(SolutionConfigurationPlatforms) = preSolution
		Debug|Any CPU = Debug|Any CPU
		Release|Any CPU = Release|Any CPU
	EndGlobalSection
	GlobalSection(ProjectConfigurationPlatforms) = postSolution
		{015AA29D-B252-4BE5-B2F3-30C788B615CD}.Debug|Any CPU.ActiveCfg = Debug|Any CPU
		{015AA29D-B252-4BE5-B2F3-30C788B615CD}.Debug|Any CPU.Build.0 = Debug|Any CPU
		{015AA29D-B252-4BE5-B2F3-30C788B615CD}.Release|Any CPU.ActiveCfg = Release|Any CPU
		{015AA29D-B252-4BE5-B2F3-30C788B615CD}.Release|Any CPU.Build.0 = Release|Any CPU
		{F81D9FB7-0313-4FD3-A40F-F29C14E6C16E}.Debug|Any CPU.ActiveCfg = Debug|Any CPU
		{F81D9FB7-0313-4FD3-A40F-F29C14E6C16E}.Debug|Any CPU.Build.0 = Debug|Any CPU
		{F81D9FB7-0313-4FD3-A40F-F29C14E6C16E}.Release|Any CPU.ActiveCfg = Release|Any CPU
		{F81D9FB7-0313-4FD3-A40F-F29C14E6C16E}.Release|Any CPU.Build.0 = Release|Any CPU
	EndGlobalSection
	GlobalSection(SolutionProperties) = preSolution
		HideSolutionNode = FALSE
	EndGlobalSection
	GlobalSection(ExtensibilityGlobals) = postSolution
		SolutionGuid = {7855C680-D48C-4700-9439-A618B8AA087D}
	EndGlobalSection
EndGlobal
